
Microsoft Visual Studio Solution File, Format Version 12.00
# Visual Studio Version 17
VisualStudioVersion = 17.9.34902.65
MinimumVisualStudioVersion = 10.0.40219.1
Project("{FAE04EC0-301F-11D3-BF4B-00C04F79EFBC}") = "RSGymUserAdministration", "RSGymUserAdministration\RSGymUserAdministration.csproj", "{7423067C-18D5-473E-AF0A-06B49F658768}"
EndProject
Project("{FAE04EC0-301F-11D3-BF4B-00C04F79EFBC}") = "Utility", "Utility\Utility.csproj", "{77B8EB72-3544-4DC1-8731-DF84C078D44E}"
EndProject
Global
	GlobalSection(SolutionConfigurationPlatforms) = preSolution
		Debug|Any CPU = Debug|Any CPU
		Release|Any CPU = Release|Any CPU
	EndGlobalSection
	GlobalSection(ProjectConfigurationPlatforms) = postSolution
		{7423067C-18D5-473E-AF0A-06B49F658768}.Debug|Any CPU.ActiveCfg = Debug|Any CPU
		{7423067C-18D5-473E-AF0A-06B49F658768}.Debug|Any CPU.Build.0 = Debug|Any CPU
		{7423067C-18D5-473E-AF0A-06B49F658768}.Release|Any CPU.ActiveCfg = Release|Any CPU
		{7423067C-18D5-473E-AF0A-06B49F658768}.Release|Any CPU.Build.0 = Release|Any CPU
		{77B8EB72-3544-4DC1-8731-DF84C078D44E}.Debug|Any CPU.ActiveCfg = Debug|Any CPU
		{77B8EB72-3544-4DC1-8731-DF84C078D44E}.Debug|Any CPU.Build.0 = Debug|Any CPU
		{77B8EB72-3544-4DC1-8731-DF84C078D44E}.Release|Any CPU.ActiveCfg = Release|Any CPU
		{77B8EB72-3544-4DC1-8731-DF84C078D44E}.Release|Any CPU.Build.0 = Release|Any CPU
	EndGlobalSection
	GlobalSection(SolutionProperties) = preSolution
		HideSolutionNode = FALSE
	EndGlobalSection
	GlobalSection(ExtensibilityGlobals) = postSolution
		SolutionGuid = {C19C0B16-6BB4-4850-B414-B966BC44E969}
	EndGlobalSection
EndGlobal
